
Microsoft Visual Studio Solution File, Format Version 12.00
# Visual Studio 15
VisualStudioVersion = 15.0.27130.2010
MinimumVisualStudioVersion = 10.0.40219.1
Project("{FAE04EC0-301F-11D3-BF4B-00C04F79EFBC}") = "testlib", "testlib\testlib.csproj", "{B9BBA06A-882A-47BE-8022-ED0C50F3B20D}"
EndProject
Global
	GlobalSection(SolutionConfigurationPlatforms) = preSolution
		Debug|Any CPU = Debug|Any CPU
		Release|Any CPU = Release|Any CPU
	EndGlobalSection
	GlobalSection(ProjectConfigurationPlatforms) = postSolution
		{B9BBA06A-882A-47BE-8022-ED0C50F3B20D}.Debug|Any CPU.ActiveCfg = Debug|Any CPU
		{B9BBA06A-882A-47BE-8022-ED0C50F3B20D}.Debug|Any CPU.Build.0 = Debug|Any CPU
		{B9BBA06A-882A-47BE-8022-ED0C50F3B20D}.Release|Any CPU.ActiveCfg = Release|Any CPU
		{B9BBA06A-882A-47BE-8022-ED0C50F3B20D}.Release|Any CPU.Build.0 = Release|Any CPU
	EndGlobalSection
	GlobalSection(SolutionProperties) = preSolution
		HideSolutionNode = FALSE
	EndGlobalSection
	GlobalSection(ExtensibilityGlobals) = postSolution
		SolutionGuid = {9E8805D5-42E2-46C1-993D-85FC8B7F9344}
	EndGlobalSection
EndGlobal
